
Microsoft Visual Studio Solution File, Format Version 12.00
# Visual Studio 15
VisualStudioVersion = 15.0.28010.2036
MinimumVisualStudioVersion = 10.0.40219.1
Project("{FAE04EC0-301F-11D3-BF4B-00C04F79EFBC}") = "ProjetoContaBancaria", "ProjetoContaBancaria\ProjetoContaBancaria.csproj", "{22B9CD91-64C0-49B1-A085-54D1AB2DD476}"
EndProject
Global
	GlobalSection(SolutionConfigurationPlatforms) = preSolution
		Debug|Any CPU = Debug|Any CPU
		Release|Any CPU = Release|Any CPU
	EndGlobalSection
	GlobalSection(ProjectConfigurationPlatforms) = postSolution
		{22B9CD91-64C0-49B1-A085-54D1AB2DD476}.Debug|Any CPU.ActiveCfg = Debug|Any CPU
		{22B9CD91-64C0-49B1-A085-54D1AB2DD476}.Debug|Any CPU.Build.0 = Debug|Any CPU
		{22B9CD91-64C0-49B1-A085-54D1AB2DD476}.Release|Any CPU.ActiveCfg = Release|Any CPU
		{22B9CD91-64C0-49B1-A085-54D1AB2DD476}.Release|Any CPU.Build.0 = Release|Any CPU
	EndGlobalSection
	GlobalSection(SolutionProperties) = preSolution
		HideSolutionNode = FALSE
	EndGlobalSection
	GlobalSection(ExtensibilityGlobals) = postSolution
		SolutionGuid = {B29ECE62-3812-4E13-A925-F6F2DC7ED410}
	EndGlobalSection
EndGlobal
